
Microsoft Visual Studio Solution File, Format Version 12.00
# Visual Studio Version 17
VisualStudioVersion = 17.14.36203.30 d17.14
MinimumVisualStudioVersion = 10.0.40219.1
Project("{FAE04EC0-301F-11D3-BF4B-00C04F79EFBC}") = "ToDoList(.NET FRAMEWORK)", "ToDoList(.NET FRAMEWORK)\ToDoList(.NET FRAMEWORK).csproj", "{98759853-FFA2-4672-835A-3C44E5253D71}"
EndProject
Global
	GlobalSection(SolutionConfigurationPlatforms) = preSolution
		Debug|Any CPU = Debug|Any CPU
		Release|Any CPU = Release|Any CPU
	EndGlobalSection
	GlobalSection(ProjectConfigurationPlatforms) = postSolution
		{98759853-FFA2-4672-835A-3C44E5253D71}.Debug|Any CPU.ActiveCfg = Debug|Any CPU
		{98759853-FFA2-4672-835A-3C44E5253D71}.Debug|Any CPU.Build.0 = Debug|Any CPU
		{98759853-FFA2-4672-835A-3C44E5253D71}.Release|Any CPU.ActiveCfg = Release|Any CPU
		{98759853-FFA2-4672-835A-3C44E5253D71}.Release|Any CPU.Build.0 = Release|Any CPU
	EndGlobalSection
	GlobalSection(SolutionProperties) = preSolution
		HideSolutionNode = FALSE
	EndGlobalSection
	GlobalSection(ExtensibilityGlobals) = postSolution
		SolutionGuid = {E9203FD4-763C-4A5F-A872-A120CAFE8486}
	EndGlobalSection
EndGlobal
